<?xml version="1.0" encoding="utf-8"?>
<Project ToolsVersion="4.0" xmlns="http://schemas.microsoft.com/developer/msbuild/2003">
  <ItemGroup>
    <Filter Include="Source Files">
      <UniqueIdentifier>{4FC737F1-C7A5-4376-A066-2A32D752A2FF}</UniqueIdentifier>
      <Extensions>cpp;c;cc;cxx;c++;cppm;ixx;def;odl;idl;hpj;bat;asm;asmx</Extensions>
    </Filter>
    <Filter Include="Header Files">
      <UniqueIdentifier>{93995380-89BD-4b04-88EB-625FBE52EBFB}</UniqueIdentifier>
      <Extensions>h;hh;hpp;hxx;h++;hm;inl;inc;ipp;xsd</Extensions>
    </Filter>
    <Filter Include="Resource Files">
      <UniqueIdentifier>{67DA6AB6-F800-4c08-8B7A-83BB121AAD01}</UniqueIdentifier>
      <Extensions>rc;ico;cur;bmp;dlg;rc2;rct;bin;rgs;gif;jpg;jpeg;jpe;resx;tiff;tif;png;wav;mfcribbon-ms</Extensions>
    </Filter>
  </ItemGroup>
  <ItemGroup>
    <ClInclude Include="Engine.hpp">
      <Filter>Header Files</Filter>
    </ClInclude>
    <ClInclude Include="CarSumoPCH.hpp">
      <Filter>Header Files</Filter>
    </ClInclude>
    <ClInclude Include="GameObject.hpp">
      <Filter>Header Files</Filter>
    </ClInclude>
    <ClInclude Include="Math.hpp">
      <Filter>Header Files</Filter>
    </ClInclude>
    <ClInclude Include="GameObjectRegistry.hpp">
      <Filter>Header Files</Filter>
    </ClInclude>
    <ClInclude Include="InputAction.hpp">
      <Filter>Header Files</Filter>
    </ClInclude>
    <ClInclude Include="InputState.hpp">
      <Filter>Header Files</Filter>
    </ClInclude>
    <ClInclude Include="MemoryBitStream.hpp">
      <Filter>Header Files</Filter>
    </ClInclude>
    <ClInclude Include="Mouse.hpp">
      <Filter>Header Files</Filter>
    </ClInclude>
    <ClInclude Include="Move.hpp">
      <Filter>Header Files</Filter>
    </ClInclude>
    <ClInclude Include="MoveList.hpp">
      <Filter>Header Files</Filter>
    </ClInclude>
    <ClInclude Include="ReplicationCommand.hpp">
      <Filter>Header Files</Filter>
    </ClInclude>
    <ClInclude Include="CarSumo.hpp">
      <Filter>Header Files</Filter>
    </ClInclude>
    <ClInclude Include="ScoreBoardManager.hpp">
      <Filter>Header Files</Filter>
    </ClInclude>
    <ClInclude Include="NetworkManager.hpp">
      <Filter>Header Files</Filter>
    </ClInclude>
    <ClInclude Include="SocketAddress.hpp">
      <Filter>Header Files</Filter>
    </ClInclude>
    <ClInclude Include="SocketAddressFactory.hpp">
      <Filter>Header Files</Filter>
    </ClInclude>
    <ClInclude Include="SocketUtil.hpp">
      <Filter>Header Files</Filter>
    </ClInclude>
    <ClInclude Include="StringUtils.hpp">
      <Filter>Header Files</Filter>
    </ClInclude>
    <ClInclude Include="TCPSocket.hpp">
      <Filter>Header Files</Filter>
    </ClInclude>
    <ClInclude Include="Timing.hpp">
      <Filter>Header Files</Filter>
    </ClInclude>
    <ClInclude Include="UDPSocket.hpp">
      <Filter>Header Files</Filter>
    </ClInclude>
    <ClInclude Include="World.hpp">
      <Filter>Header Files</Filter>
    </ClInclude>
    <ClInclude Include="Yarn.hpp">
      <Filter>Header Files</Filter>
    </ClInclude>
    <ClInclude Include="WeightedTimedMovingAverage.hpp">
      <Filter>Header Files</Filter>
    </ClInclude>
    <ClInclude Include="AckRange.hpp">
      <Filter>Header Files</Filter>
    </ClInclude>
    <ClInclude Include="ByteSwap.hpp">
      <Filter>Header Files</Filter>
    </ClInclude>
    <ClInclude Include="DeliveryNotificationManager.hpp">
      <Filter>Header Files</Filter>
    </ClInclude>
    <ClInclude Include="InFlightPacket.hpp">
      <Filter>Header Files</Filter>
    </ClInclude>
    <ClInclude Include="TransmissionData.hpp">
      <Filter>Header Files</Filter>
    </ClInclude>
    <ClInclude Include="LinkingContext.hpp">
      <Filter>Header Files</Filter>
    </ClInclude>
    <ClInclude Include="CarSumoShared.hpp">
      <Filter>Header Files</Filter>
    </ClInclude>
  </ItemGroup>
  <ItemGroup>
    <ClCompile Include="Engine.cpp">
      <Filter>Source Files</Filter>
    </ClCompile>
    <ClCompile Include="GameObject.cpp">
      <Filter>Source Files</Filter>
    </ClCompile>
    <ClCompile Include="Math.cpp">
      <Filter>Source Files</Filter>
    </ClCompile>
    <ClCompile Include="GameObjectRegistry.cpp">
      <Filter>Source Files</Filter>
    </ClCompile>
    <ClCompile Include="InputState.cpp">
      <Filter>Source Files</Filter>
    </ClCompile>
    <ClCompile Include="MemoryBitStream.cpp">
      <Filter>Source Files</Filter>
    </ClCompile>
    <ClCompile Include="Mouse.cpp">
      <Filter>Source Files</Filter>
    </ClCompile>
    <ClCompile Include="Move.cpp">
      <Filter>Source Files</Filter>
    </ClCompile>
    <ClCompile Include="MoveList.cpp">
      <Filter>Source Files</Filter>
    </ClCompile>
    <ClCompile Include="CarSumo.cpp">
      <Filter>Source Files</Filter>
    </ClCompile>
    <ClCompile Include="ScoreBoardManager.cpp">
      <Filter>Source Files</Filter>
    </ClCompile>
    <ClCompile Include="NetworkManager.cpp">
      <Filter>Source Files</Filter>
    </ClCompile>
    <ClCompile Include="SocketAddress.cpp">
      <Filter>Source Files</Filter>
    </ClCompile>
    <ClCompile Include="SocketAddressFactory.cpp">
      <Filter>Source Files</Filter>
    </ClCompile>
    <ClCompile Include="SocketUtil.cpp">
      <Filter>Source Files</Filter>
    </ClCompile>
    <ClCompile Include="StringUtils.cpp">
      <Filter>Source Files</Filter>
    </ClCompile>
    <ClCompile Include="TCPSocket.cpp">
      <Filter>Source Files</Filter>
    </ClCompile>
    <ClCompile Include="Timing.cpp">
      <Filter>Source Files</Filter>
    </ClCompile>
    <ClCompile Include="UDPSocket.cpp">
      <Filter>Source Files</Filter>
    </ClCompile>
    <ClCompile Include="World.cpp">
      <Filter>Source Files</Filter>
    </ClCompile>
    <ClCompile Include="Yarn.cpp">
      <Filter>Source Files</Filter>
    </ClCompile>
    <ClCompile Include="CarSumoPCH.cpp">
      <Filter>Source Files</Filter>
    </ClCompile>
    <ClCompile Include="AckRange.cpp">
      <Filter>Source Files</Filter>
    </ClCompile>
    <ClCompile Include="DeliveryNotificationManager.cpp">
      <Filter>Source Files</Filter>
    </ClCompile>
    <ClCompile Include="InFlightPacket.cpp">
      <Filter>Source Files</Filter>
    </ClCompile>
  </ItemGroup>
</Project>